
Microsoft Visual Studio Solution File, Format Version 12.00
# Visual Studio Version 17
VisualStudioVersion = 17.14.36212.18
MinimumVisualStudioVersion = 10.0.40219.1
Project("{FAE04EC0-301F-11D3-BF4B-00C04F79EFBC}") = "TalentBridge.WebAPI", "TalentBridgeAPI\TalentBridge.WebAPI.csproj", "{6194AF13-5012-40BC-B0A2-F3E817DA5338}"
EndProject
Project("{FAE04EC0-301F-11D3-BF4B-00C04F79EFBC}") = "TalentBridge.Application", "TalentBridge.Application\TalentBridge.Application.csproj", "{0A983D34-06B7-4F30-A1D4-504A67EBC22D}"
EndProject
Project("{FAE04EC0-301F-11D3-BF4B-00C04F79EFBC}") = "TalentBridge.Infrastructure", "TalentBridge.Infrastructure\TalentBridge.Infrastructure.csproj", "{AF963963-5911-49E7-9B7C-5078B785163C}"
EndProject
Project("{FAE04EC0-301F-11D3-BF4B-00C04F79EFBC}") = "TalentBridge.Domain", "TalentBridge.Domain\TalentBridge.Domain.csproj", "{F1C9A2D9-2946-4BFE-8FA5-65235B62FB4F}"
EndProject
Global
	GlobalSection(SolutionConfigurationPlatforms) = preSolution
		Debug|Any CPU = Debug|Any CPU
		Debug|x64 = Debug|x64
		Debug|x86 = Debug|x86
		Release|Any CPU = Release|Any CPU
		Release|x64 = Release|x64
		Release|x86 = Release|x86
	EndGlobalSection
	GlobalSection(ProjectConfigurationPlatforms) = postSolution
		{6194AF13-5012-40BC-B0A2-F3E817DA5338}.Debug|Any CPU.ActiveCfg = Debug|Any CPU
		{6194AF13-5012-40BC-B0A2-F3E817DA5338}.Debug|Any CPU.Build.0 = Debug|Any CPU
		{6194AF13-5012-40BC-B0A2-F3E817DA5338}.Debug|x64.ActiveCfg = Debug|Any CPU
		{6194AF13-5012-40BC-B0A2-F3E817DA5338}.Debug|x64.Build.0 = Debug|Any CPU
		{6194AF13-5012-40BC-B0A2-F3E817DA5338}.Debug|x86.ActiveCfg = Debug|Any CPU
		{6194AF13-5012-40BC-B0A2-F3E817DA5338}.Debug|x86.Build.0 = Debug|Any CPU
		{6194AF13-5012-40BC-B0A2-F3E817DA5338}.Release|Any CPU.ActiveCfg = Release|Any CPU
		{6194AF13-5012-40BC-B0A2-F3E817DA5338}.Release|Any CPU.Build.0 = Release|Any CPU
		{6194AF13-5012-40BC-B0A2-F3E817DA5338}.Release|x64.ActiveCfg = Release|Any CPU
		{6194AF13-5012-40BC-B0A2-F3E817DA5338}.Release|x64.Build.0 = Release|Any CPU
		{6194AF13-5012-40BC-B0A2-F3E817DA5338}.Release|x86.ActiveCfg = Release|Any CPU
		{6194AF13-5012-40BC-B0A2-F3E817DA5338}.Release|x86.Build.0 = Release|Any CPU
		{0A983D34-06B7-4F30-A1D4-504A67EBC22D}.Debug|Any CPU.ActiveCfg = Debug|Any CPU
		{0A983D34-06B7-4F30-A1D4-504A67EBC22D}.Debug|Any CPU.Build.0 = Debug|Any CPU
		{0A983D34-06B7-4F30-A1D4-504A67EBC22D}.Debug|x64.ActiveCfg = Debug|Any CPU
		{0A983D34-06B7-4F30-A1D4-504A67EBC22D}.Debug|x64.Build.0 = Debug|Any CPU
		{0A983D34-06B7-4F30-A1D4-504A67EBC22D}.Debug|x86.ActiveCfg = Debug|Any CPU
		{0A983D34-06B7-4F30-A1D4-504A67EBC22D}.Debug|x86.Build.0 = Debug|Any CPU
		{0A983D34-06B7-4F30-A1D4-504A67EBC22D}.Release|Any CPU.ActiveCfg = Release|Any CPU
		{0A983D34-06B7-4F30-A1D4-504A67EBC22D}.Release|Any CPU.Build.0 = Release|Any CPU
		{0A983D34-06B7-4F30-A1D4-504A67EBC22D}.Release|x64.ActiveCfg = Release|Any CPU
		{0A983D34-06B7-4F30-A1D4-504A67EBC22D}.Release|x64.Build.0 = Release|Any CPU
		{0A983D34-06B7-4F30-A1D4-504A67EBC22D}.Release|x86.ActiveCfg = Release|Any CPU
		{0A983D34-06B7-4F30-A1D4-504A67EBC22D}.Release|x86.Build.0 = Release|Any CPU
		{AF963963-5911-49E7-9B7C-5078B785163C}.Debug|Any CPU.ActiveCfg = Debug|Any CPU
		{AF963963-5911-49E7-9B7C-5078B785163C}.Debug|Any CPU.Build.0 = Debug|Any CPU
		{AF963963-5911-49E7-9B7C-5078B785163C}.Debug|x64.ActiveCfg = Debug|Any CPU
		{AF963963-5911-49E7-9B7C-5078B785163C}.Debug|x64.Build.0 = Debug|Any CPU
		{AF963963-5911-49E7-9B7C-5078B785163C}.Debug|x86.ActiveCfg = Debug|Any CPU
		{AF963963-5911-49E7-9B7C-5078B785163C}.Debug|x86.Build.0 = Debug|Any CPU
		{AF963963-5911-49E7-9B7C-5078B785163C}.Release|Any CPU.ActiveCfg = Release|Any CPU
		{AF963963-5911-49E7-9B7C-5078B785163C}.Release|Any CPU.Build.0 = Release|Any CPU
		{AF963963-5911-49E7-9B7C-5078B785163C}.Release|x64.ActiveCfg = Release|Any CPU
		{AF963963-5911-49E7-9B7C-5078B785163C}.Release|x64.Build.0 = Release|Any CPU
		{AF963963-5911-49E7-9B7C-5078B785163C}.Release|x86.ActiveCfg = Release|Any CPU
		{AF963963-5911-49E7-9B7C-5078B785163C}.Release|x86.Build.0 = Release|Any CPU
		{F1C9A2D9-2946-4BFE-8FA5-65235B62FB4F}.Debug|Any CPU.ActiveCfg = Debug|Any CPU
		{F1C9A2D9-2946-4BFE-8FA5-65235B62FB4F}.Debug|Any CPU.Build.0 = Debug|Any CPU
		{F1C9A2D9-2946-4BFE-8FA5-65235B62FB4F}.Debug|x64.ActiveCfg = Debug|Any CPU
		{F1C9A2D9-2946-4BFE-8FA5-65235B62FB4F}.Debug|x64.Build.0 = Debug|Any CPU
		{F1C9A2D9-2946-4BFE-8FA5-65235B62FB4F}.Debug|x86.ActiveCfg = Debug|Any CPU
		{F1C9A2D9-2946-4BFE-8FA5-65235B62FB4F}.Debug|x86.Build.0 = Debug|Any CPU
		{F1C9A2D9-2946-4BFE-8FA5-65235B62FB4F}.Release|Any CPU.ActiveCfg = Release|Any CPU
		{F1C9A2D9-2946-4BFE-8FA5-65235B62FB4F}.Release|Any CPU.Build.0 = Release|Any CPU
		{F1C9A2D9-2946-4BFE-8FA5-65235B62FB4F}.Release|x64.ActiveCfg = Release|Any CPU
		{F1C9A2D9-2946-4BFE-8FA5-65235B62FB4F}.Release|x64.Build.0 = Release|Any CPU
		{F1C9A2D9-2946-4BFE-8FA5-65235B62FB4F}.Release|x86.ActiveCfg = Release|Any CPU
		{F1C9A2D9-2946-4BFE-8FA5-65235B62FB4F}.Release|x86.Build.0 = Release|Any CPU
	EndGlobalSection
	GlobalSection(SolutionProperties) = preSolution
		HideSolutionNode = FALSE
	EndGlobalSection
	GlobalSection(ExtensibilityGlobals) = postSolution
		SolutionGuid = {81E94974-DD90-4992-9470-19DF1ED5B65A}
	EndGlobalSection
EndGlobal
